
Microsoft Visual Studio Solution File, Format Version 12.00
# Visual Studio Version 16
VisualStudioVersion = 16.0.30104.148
MinimumVisualStudioVersion = 10.0.40219.1
Project("{9A19103F-16F7-4668-BE54-9A1E7A4F7556}") = "scanfer.test", "scanfer.test\scanfer.test.csproj", "{92D9652F-E144-4AB8-AA8B-C89CDD24D4F0}"
EndProject
Project("{FAE04EC0-301F-11D3-BF4B-00C04F79EFBC}") = "WebAppsMVC", "WebAppsMVC\WebAppsMVC.csproj", "{024832F1-754D-40D3-A63E-7708F1D7504B}"
EndProject
Global
	GlobalSection(SolutionConfigurationPlatforms) = preSolution
		Debug|Any CPU = Debug|Any CPU
		Release|Any CPU = Release|Any CPU
	EndGlobalSection
	GlobalSection(ProjectConfigurationPlatforms) = postSolution
		{92D9652F-E144-4AB8-AA8B-C89CDD24D4F0}.Debug|Any CPU.ActiveCfg = Debug|Any CPU
		{92D9652F-E144-4AB8-AA8B-C89CDD24D4F0}.Debug|Any CPU.Build.0 = Debug|Any CPU
		{92D9652F-E144-4AB8-AA8B-C89CDD24D4F0}.Release|Any CPU.ActiveCfg = Release|Any CPU
		{92D9652F-E144-4AB8-AA8B-C89CDD24D4F0}.Release|Any CPU.Build.0 = Release|Any CPU
		{024832F1-754D-40D3-A63E-7708F1D7504B}.Debug|Any CPU.ActiveCfg = Debug|Any CPU
		{024832F1-754D-40D3-A63E-7708F1D7504B}.Debug|Any CPU.Build.0 = Debug|Any CPU
		{024832F1-754D-40D3-A63E-7708F1D7504B}.Release|Any CPU.ActiveCfg = Release|Any CPU
		{024832F1-754D-40D3-A63E-7708F1D7504B}.Release|Any CPU.Build.0 = Release|Any CPU
	EndGlobalSection
	GlobalSection(SolutionProperties) = preSolution
		HideSolutionNode = FALSE
	EndGlobalSection
	GlobalSection(ExtensibilityGlobals) = postSolution
		SolutionGuid = {F1BEFB17-7B39-471D-A698-D1A94A3C2589}
	EndGlobalSection
EndGlobal
